
Microsoft Visual Studio Solution File, Format Version 9.00
# Visual Studio 2005
Project("{8BC9CEB8-8B4A-11D0-8D11-00A0C91BC942}") = "Bombay Club", "Bombay Club.vcproj", "{8DC82AF1-E649-4612-9F0E-9E1C09F08F4C}"
EndProject
Global
	GlobalSection(SolutionConfigurationPlatforms) = preSolution
		Debug|Win32 = Debug|Win32
		Release|Win32 = Release|Win32
	EndGlobalSection
	GlobalSection(ProjectConfigurationPlatforms) = postSolution
		{8DC82AF1-E649-4612-9F0E-9E1C09F08F4C}.Debug|Win32.ActiveCfg = Debug|Win32
		{8DC82AF1-E649-4612-9F0E-9E1C09F08F4C}.Debug|Win32.Build.0 = Debug|Win32
		{8DC82AF1-E649-4612-9F0E-9E1C09F08F4C}.Release|Win32.ActiveCfg = Release|Win32
		{8DC82AF1-E649-4612-9F0E-9E1C09F08F4C}.Release|Win32.Build.0 = Release|Win32
	EndGlobalSection
	GlobalSection(SolutionProperties) = preSolution
		HideSolutionNode = FALSE
	EndGlobalSection
EndGlobal
